# This file is autogenerated, do not edit; changes may be undone by the next 'dep ensure'.


[[projects]]
  name = "github.com/BrandonRomano/iso8601"
  packages = ["."]
  revision = "2ef8540f216c9c1c6768cbff3cfbbe7b0196c05e"
  version = "v0.1.0"

[[projects]]
  name = "github.com/BrandonRomano/wrecker"
  packages = ["."]
  revision = "d37dcbf1a77802e496cddbcc55e28e5ee9583459"
  version = "v0.1.5"

[[projects]]
  name = "github.com/davecgh/go-spew"
  packages = ["spew"]
  revision = "8991bc29aa16c548c550c7ff78260e27b9ab7c73"
  version = "v1.1.1"

[[projects]]
  name = "github.com/jschwehn/go-pinterest"
  packages = [".","controllers","models"]
  revision = "dac5e6671bb929422b2245cfcbed092dcc2f305e"
  version = "v2.1.1"

[[projects]]
  name = "github.com/pmezard/go-difflib"
  packages = ["difflib"]
  revision = "792786c7400a136282c1664665ae0a8db921c6c2"
  version = "v1.0.0"

[[projects]]
  name = "github.com/stretchr/testify"
  packages = ["assert","require","suite"]
  revision = "ffdc059bfe9ce6a4e144ba849dbedead332c6053"
  version = "v1.3.0"

[solve-meta]
  analyzer-name = "dep"
  analyzer-version = 1
  inputs-digest = "3acc5c25540d99811bce53d0f2135dba8be35024a1683ff4b011e79c331a41ea"
  solver-name = "gps-cdcl"
  solver-version = 1
